
Microsoft Visual Studio Solution File, Format Version 12.00
# Visual Studio Version 17
VisualStudioVersion = 17.3.32929.385
MinimumVisualStudioVersion = 10.0.40219.1
Project("{9A19103F-16F7-4668-BE54-9A1E7A4F7556}") = "AampLibrary", "src\AampLibrary.csproj", "{E92297A5-0E66-4B81-8088-C9E68518C7DF}"
EndProject
Project("{FAE04EC0-301F-11D3-BF4B-00C04F79EFBC}") = "Tests", "Tests\Tests.csproj", "{42E05081-0390-4ACF-8D90-246F3E2DB840}"
EndProject
Global
	GlobalSection(SolutionConfigurationPlatforms) = preSolution
		Debug|Any CPU = Debug|Any CPU
		Release|Any CPU = Release|Any CPU
	EndGlobalSection
	GlobalSection(ProjectConfigurationPlatforms) = postSolution
		{E92297A5-0E66-4B81-8088-C9E68518C7DF}.Debug|Any CPU.ActiveCfg = Debug|Any CPU
		{E92297A5-0E66-4B81-8088-C9E68518C7DF}.Debug|Any CPU.Build.0 = Debug|Any CPU
		{E92297A5-0E66-4B81-8088-C9E68518C7DF}.Release|Any CPU.ActiveCfg = Release|Any CPU
		{E92297A5-0E66-4B81-8088-C9E68518C7DF}.Release|Any CPU.Build.0 = Release|Any CPU
		{42E05081-0390-4ACF-8D90-246F3E2DB840}.Debug|Any CPU.ActiveCfg = Debug|Any CPU
		{42E05081-0390-4ACF-8D90-246F3E2DB840}.Debug|Any CPU.Build.0 = Debug|Any CPU
		{42E05081-0390-4ACF-8D90-246F3E2DB840}.Release|Any CPU.ActiveCfg = Release|Any CPU
		{42E05081-0390-4ACF-8D90-246F3E2DB840}.Release|Any CPU.Build.0 = Release|Any CPU
	EndGlobalSection
	GlobalSection(SolutionProperties) = preSolution
		HideSolutionNode = FALSE
	EndGlobalSection
	GlobalSection(ExtensibilityGlobals) = postSolution
		SolutionGuid = {203E44D9-8DF9-45DA-B03B-A24C593F047C}
	EndGlobalSection
EndGlobal
